// !$*UTF8*$!
{
	archiveVersion = 1;
	classes = {
	};
	objectVersion = 51;
	objects = {

/* Begin PBXBuildFile section */
		1608E757237505BA0060156B /* FotoKTPViewController.swift in Sources */ = {isa = PBXBuildFile; fileRef = 1608E756237505BA0060156B /* FotoKTPViewController.swift */; };
		1608E759237505D40060156B /* FotoSIMViewController.swift in Sources */ = {isa = PBXBuildFile; fileRef = 1608E758237505D40060156B /* FotoSIMViewController.swift */; };
		1608E75B237505EF0060156B /* FormViewController.swift in Sources */ = {isa = PBXBuildFile; fileRef = 1608E75A237505EF0060156B /* FormViewController.swift */; };
		1608E75D237506180060156B /* InstruksiViewController.swift in Sources */ = {isa = PBXBuildFile; fileRef = 1608E75C237506180060156B /* InstruksiViewController.swift */; };
		166BF4A7237BE13200BAC7DE /* TestSection2ViewController.swift in Sources */ = {isa = PBXBuildFile; fileRef = 166BF4A6237BE13200BAC7DE /* TestSection2ViewController.swift */; };
		168E6E02237C39CB00B90358 /* GoogleService-Info.plist in Resources */ = {isa = PBXBuildFile; fileRef = 168E6E01237C39CB00B90358 /* GoogleService-Info.plist */; };
		168E6E04237D421A00B90358 /* DatabaseHandler.swift in Sources */ = {isa = PBXBuildFile; fileRef = 168E6E03237D421A00B90358 /* DatabaseHandler.swift */; };
		168E6E06237D428800B90358 /* ObjectModel.swift in Sources */ = {isa = PBXBuildFile; fileRef = 168E6E05237D428800B90358 /* ObjectModel.swift */; };
		168E6E09237D49A800B90358 /* TestSection1ViewController.swift in Sources */ = {isa = PBXBuildFile; fileRef = 168E6E08237D49A800B90358 /* TestSection1ViewController.swift */; };
		168E6E0B237D6E5300B90358 /* TestSection1AViewController.swift in Sources */ = {isa = PBXBuildFile; fileRef = 168E6E0A237D6E5300B90358 /* TestSection1AViewController.swift */; };
		168E6E0E237D709A00B90358 /* Final-Challenge.xcdatamodeld in Sources */ = {isa = PBXBuildFile; fileRef = 168E6E0C237D709A00B90358 /* Final-Challenge.xcdatamodeld */; };
		4D51A26C7F430FFBB9F98930 /* Pods_Final_Challenge.framework in Frameworks */ = {isa = PBXBuildFile; fileRef = E9BC2C71D507C22D965226D6 /* Pods_Final_Challenge.framework */; };
		700828462379681100F102B0 /* Case2ViewController.swift in Sources */ = {isa = PBXBuildFile; fileRef = 700828452379681100F102B0 /* Case2ViewController.swift */; };
		700828482379682000F102B0 /* Case3ViewController.swift in Sources */ = {isa = PBXBuildFile; fileRef = 700828472379682000F102B0 /* Case3ViewController.swift */; };
		70362D2F2373B48600928516 /* AppDelegate.swift in Sources */ = {isa = PBXBuildFile; fileRef = 70362D2E2373B48600928516 /* AppDelegate.swift */; };
		70362D312373B48600928516 /* SceneDelegate.swift in Sources */ = {isa = PBXBuildFile; fileRef = 70362D302373B48600928516 /* SceneDelegate.swift */; };
		70362D362373B48600928516 /* Main.storyboard in Resources */ = {isa = PBXBuildFile; fileRef = 70362D342373B48600928516 /* Main.storyboard */; };
		70362D382373B48700928516 /* Assets.xcassets in Resources */ = {isa = PBXBuildFile; fileRef = 70362D372373B48700928516 /* Assets.xcassets */; };
		70362D3B2373B48700928516 /* LaunchScreen.storyboard in Resources */ = {isa = PBXBuildFile; fileRef = 70362D392373B48700928516 /* LaunchScreen.storyboard */; };
		70362D432373B4B100928516 /* UIExtension.swift in Sources */ = {isa = PBXBuildFile; fileRef = 70362D422373B4B100928516 /* UIExtension.swift */; };
		70362D452373BAC800928516 /* KodePerusahaanViewController.swift in Sources */ = {isa = PBXBuildFile; fileRef = 70362D442373BAC800928516 /* KodePerusahaanViewController.swift */; };
		70375D91237821CE00C98CC2 /* Case1ViewController.swift in Sources */ = {isa = PBXBuildFile; fileRef = 70375D90237821CE00C98CC2 /* Case1ViewController.swift */; };
		70FDE3E1237E531700A5C759 /* Case4ViewController.swift in Sources */ = {isa = PBXBuildFile; fileRef = 70FDE3E0237E531700A5C759 /* Case4ViewController.swift */; };
/* End PBXBuildFile section */

/* Begin PBXFileReference section */
		1608E756237505BA0060156B /* FotoKTPViewController.swift */ = {isa = PBXFileReference; lastKnownFileType = sourcecode.swift; path = FotoKTPViewController.swift; sourceTree = "<group>"; };
		1608E758237505D40060156B /* FotoSIMViewController.swift */ = {isa = PBXFileReference; lastKnownFileType = sourcecode.swift; path = FotoSIMViewController.swift; sourceTree = "<group>"; };
		1608E75A237505EF0060156B /* FormViewController.swift */ = {isa = PBXFileReference; lastKnownFileType = sourcecode.swift; path = FormViewController.swift; sourceTree = "<group>"; };
		1608E75C237506180060156B /* InstruksiViewController.swift */ = {isa = PBXFileReference; lastKnownFileType = sourcecode.swift; path = InstruksiViewController.swift; sourceTree = "<group>"; };
		166BF4A6237BE13200BAC7DE /* TestSection2ViewController.swift */ = {isa = PBXFileReference; lastKnownFileType = sourcecode.swift; path = TestSection2ViewController.swift; sourceTree = "<group>"; };
		168E6E01237C39CB00B90358 /* GoogleService-Info.plist */ = {isa = PBXFileReference; fileEncoding = 4; lastKnownFileType = text.plist.xml; path = "GoogleService-Info.plist"; sourceTree = "<group>"; };
		168E6E03237D421A00B90358 /* DatabaseHandler.swift */ = {isa = PBXFileReference; lastKnownFileType = sourcecode.swift; path = DatabaseHandler.swift; sourceTree = "<group>"; };
		168E6E05237D428800B90358 /* ObjectModel.swift */ = {isa = PBXFileReference; lastKnownFileType = sourcecode.swift; path = ObjectModel.swift; sourceTree = "<group>"; };
		168E6E08237D49A800B90358 /* TestSection1ViewController.swift */ = {isa = PBXFileReference; lastKnownFileType = sourcecode.swift; path = TestSection1ViewController.swift; sourceTree = "<group>"; };
		168E6E0A237D6E5300B90358 /* TestSection1AViewController.swift */ = {isa = PBXFileReference; lastKnownFileType = sourcecode.swift; path = TestSection1AViewController.swift; sourceTree = "<group>"; };
		168E6E0D237D709A00B90358 /* Final-Challenge.xcdatamodel */ = {isa = PBXFileReference; lastKnownFileType = wrapper.xcdatamodel; path = "Final-Challenge.xcdatamodel"; sourceTree = "<group>"; };
		700828452379681100F102B0 /* Case2ViewController.swift */ = {isa = PBXFileReference; lastKnownFileType = sourcecode.swift; path = Case2ViewController.swift; sourceTree = "<group>"; };
		700828472379682000F102B0 /* Case3ViewController.swift */ = {isa = PBXFileReference; lastKnownFileType = sourcecode.swift; path = Case3ViewController.swift; sourceTree = "<group>"; };
		70362D2B2373B48600928516 /* Siap Kerja.app */ = {isa = PBXFileReference; explicitFileType = wrapper.application; includeInIndex = 0; path = "Siap Kerja.app"; sourceTree = BUILT_PRODUCTS_DIR; };
		70362D2E2373B48600928516 /* AppDelegate.swift */ = {isa = PBXFileReference; lastKnownFileType = sourcecode.swift; path = AppDelegate.swift; sourceTree = "<group>"; };
		70362D302373B48600928516 /* SceneDelegate.swift */ = {isa = PBXFileReference; lastKnownFileType = sourcecode.swift; path = SceneDelegate.swift; sourceTree = "<group>"; };
		70362D352373B48600928516 /* Base */ = {isa = PBXFileReference; lastKnownFileType = file.storyboard; name = Base; path = Base.lproj/Main.storyboard; sourceTree = "<group>"; };
		70362D372373B48700928516 /* Assets.xcassets */ = {isa = PBXFileReference; lastKnownFileType = folder.assetcatalog; path = Assets.xcassets; sourceTree = "<group>"; };
		70362D3A2373B48700928516 /* Base */ = {isa = PBXFileReference; lastKnownFileType = file.storyboard; name = Base; path = Base.lproj/LaunchScreen.storyboard; sourceTree = "<group>"; };
		70362D3C2373B48700928516 /* Info.plist */ = {isa = PBXFileReference; lastKnownFileType = text.plist.xml; path = Info.plist; sourceTree = "<group>"; };
		70362D422373B4B100928516 /* UIExtension.swift */ = {isa = PBXFileReference; lastKnownFileType = sourcecode.swift; path = UIExtension.swift; sourceTree = "<group>"; };
		70362D442373BAC800928516 /* KodePerusahaanViewController.swift */ = {isa = PBXFileReference; lastKnownFileType = sourcecode.swift; path = KodePerusahaanViewController.swift; sourceTree = "<group>"; };
		70375D90237821CE00C98CC2 /* Case1ViewController.swift */ = {isa = PBXFileReference; lastKnownFileType = sourcecode.swift; path = Case1ViewController.swift; sourceTree = "<group>"; };
		70FDE3E0237E531700A5C759 /* Case4ViewController.swift */ = {isa = PBXFileReference; lastKnownFileType = sourcecode.swift; path = Case4ViewController.swift; sourceTree = "<group>"; };
		78F0A15F8638B1060607E6B6 /* Pods-Final Challenge.release.xcconfig */ = {isa = PBXFileReference; includeInIndex = 1; lastKnownFileType = text.xcconfig; name = "Pods-Final Challenge.release.xcconfig"; path = "Target Support Files/Pods-Final Challenge/Pods-Final Challenge.release.xcconfig"; sourceTree = "<group>"; };
		8DDEF09846A3547A2A5FA638 /* Pods-Final Challenge.debug.xcconfig */ = {isa = PBXFileReference; includeInIndex = 1; lastKnownFileType = text.xcconfig; name = "Pods-Final Challenge.debug.xcconfig"; path = "Target Support Files/Pods-Final Challenge/Pods-Final Challenge.debug.xcconfig"; sourceTree = "<group>"; };
		E9BC2C71D507C22D965226D6 /* Pods_Final_Challenge.framework */ = {isa = PBXFileReference; explicitFileType = wrapper.framework; includeInIndex = 0; path = Pods_Final_Challenge.framework; sourceTree = BUILT_PRODUCTS_DIR; };
/* End PBXFileReference section */

/* Begin PBXFrameworksBuildPhase section */
		70362D282373B48600928516 /* Frameworks */ = {
			isa = PBXFrameworksBuildPhase;
			buildActionMask = 2147483647;
			files = (
				4D51A26C7F430FFBB9F98930 /* Pods_Final_Challenge.framework in Frameworks */,
			);
			runOnlyForDeploymentPostprocessing = 0;
		};
/* End PBXFrameworksBuildPhase section */

/* Begin PBXGroup section */
		1608E755237505860060156B /* View Controller */ = {
			isa = PBXGroup;
			children = (
				70362D442373BAC800928516 /* KodePerusahaanViewController.swift */,
				1608E756237505BA0060156B /* FotoKTPViewController.swift */,
				1608E758237505D40060156B /* FotoSIMViewController.swift */,
				1608E75A237505EF0060156B /* FormViewController.swift */,
				1608E75C237506180060156B /* InstruksiViewController.swift */,
				70375D90237821CE00C98CC2 /* Case1ViewController.swift */,
				700828452379681100F102B0 /* Case2ViewController.swift */,
				700828472379682000F102B0 /* Case3ViewController.swift */,
				166BF4A6237BE13200BAC7DE /* TestSection2ViewController.swift */,
				168E6E08237D49A800B90358 /* TestSection1ViewController.swift */,
				168E6E0A237D6E5300B90358 /* TestSection1AViewController.swift */,
				70FDE3E0237E531700A5C759 /* Case4ViewController.swift */,
			);
			path = "View Controller";
			sourceTree = "<group>";
		};
		16B966C523740B6F00019F75 /* Model */ = {
			isa = PBXGroup;
			children = (
				168E6E0C237D709A00B90358 /* Final-Challenge.xcdatamodeld */,
				168E6E03237D421A00B90358 /* DatabaseHandler.swift */,
				168E6E05237D428800B90358 /* ObjectModel.swift */,
			);
			path = Model;
			sourceTree = "<group>";
		};
		16B966C623740B7B00019F75 /* View */ = {
			isa = PBXGroup;
			children = (
				70362D392373B48700928516 /* LaunchScreen.storyboard */,
				70362D422373B4B100928516 /* UIExtension.swift */,
				70362D342373B48600928516 /* Main.storyboard */,
			);
			path = View;
			sourceTree = "<group>";
		};
		16B966C723740B8B00019F75 /* Controller */ = {
			isa = PBXGroup;
			children = (
				1608E755237505860060156B /* View Controller */,
				70362D302373B48600928516 /* SceneDelegate.swift */,
				70362D2E2373B48600928516 /* AppDelegate.swift */,
			);
			path = Controller;
			sourceTree = "<group>";
		};
		70362D222373B48600928516 = {
			isa = PBXGroup;
			children = (
				70362D2D2373B48600928516 /* Final Challenge */,
				70362D2C2373B48600928516 /* Products */,
				99AF5E7526D2422BE24A4236 /* Pods */,
				F5FCCCB11EF3D7AEC1C47964 /* Frameworks */,
			);
			sourceTree = "<group>";
		};
		70362D2C2373B48600928516 /* Products */ = {
			isa = PBXGroup;
			children = (
				70362D2B2373B48600928516 /* Siap Kerja.app */,
			);
			name = Products;
			sourceTree = "<group>";
		};
		70362D2D2373B48600928516 /* Final Challenge */ = {
			isa = PBXGroup;
			children = (
				168E6E01237C39CB00B90358 /* GoogleService-Info.plist */,
				16B966C523740B6F00019F75 /* Model */,
				16B966C623740B7B00019F75 /* View */,
				16B966C723740B8B00019F75 /* Controller */,
				70362D372373B48700928516 /* Assets.xcassets */,
				70362D3C2373B48700928516 /* Info.plist */,
			);
			path = "Final Challenge";
			sourceTree = "<group>";
		};
		99AF5E7526D2422BE24A4236 /* Pods */ = {
			isa = PBXGroup;
			children = (
				8DDEF09846A3547A2A5FA638 /* Pods-Final Challenge.debug.xcconfig */,
				78F0A15F8638B1060607E6B6 /* Pods-Final Challenge.release.xcconfig */,
			);
			path = Pods;
			sourceTree = "<group>";
		};
		F5FCCCB11EF3D7AEC1C47964 /* Frameworks */ = {
			isa = PBXGroup;
			children = (
				E9BC2C71D507C22D965226D6 /* Pods_Final_Challenge.framework */,
			);
			name = Frameworks;
			sourceTree = "<group>";
		};
/* End PBXGroup section */

/* Begin PBXNativeTarget section */
		70362D2A2373B48600928516 /* Final Challenge */ = {
			isa = PBXNativeTarget;
			buildConfigurationList = 70362D3F2373B48700928516 /* Build configuration list for PBXNativeTarget "Final Challenge" */;
			buildPhases = (
				D9504B60285BDB3991A837D8 /* [CP] Check Pods Manifest.lock */,
				70362D272373B48600928516 /* Sources */,
				70362D282373B48600928516 /* Frameworks */,
				70362D292373B48600928516 /* Resources */,
				24B6A48FBC08A83CCA765007 /* [CP] Embed Pods Frameworks */,
			);
			buildRules = (
			);
			dependencies = (
			);
			name = "Final Challenge";
			productName = "Final Challenge";
			productReference = 70362D2B2373B48600928516 /* Siap Kerja.app */;
			productType = "com.apple.product-type.application";
		};
/* End PBXNativeTarget section */

/* Begin PBXProject section */
		70362D232373B48600928516 /* Project object */ = {
			isa = PBXProject;
			attributes = {
				LastSwiftUpdateCheck = 1120;
				LastUpgradeCheck = 1120;
				ORGANIZATIONNAME = "Jesse Joseph";
				TargetAttributes = {
					70362D2A2373B48600928516 = {
						CreatedOnToolsVersion = 11.2;
					};
				};
			};
			buildConfigurationList = 70362D262373B48600928516 /* Build configuration list for PBXProject "Final Challenge" */;
			compatibilityVersion = "Xcode 9.3";
			developmentRegion = en;
			hasScannedForEncodings = 0;
			knownRegions = (
				en,
				Base,
			);
			mainGroup = 70362D222373B48600928516;
			productRefGroup = 70362D2C2373B48600928516 /* Products */;
			projectDirPath = "";
			projectRoot = "";
			targets = (
				70362D2A2373B48600928516 /* Final Challenge */,
			);
		};
/* End PBXProject section */

/* Begin PBXResourcesBuildPhase section */
		70362D292373B48600928516 /* Resources */ = {
			isa = PBXResourcesBuildPhase;
			buildActionMask = 2147483647;
			files = (
				70362D3B2373B48700928516 /* LaunchScreen.storyboard in Resources */,
				168E6E02237C39CB00B90358 /* GoogleService-Info.plist in Resources */,
				70362D382373B48700928516 /* Assets.xcassets in Resources */,
				70362D362373B48600928516 /* Main.storyboard in Resources */,
			);
			runOnlyForDeploymentPostprocessing = 0;
		};
/* End PBXResourcesBuildPhase section */

/* Begin PBXShellScriptBuildPhase section */
		24B6A48FBC08A83CCA765007 /* [CP] Embed Pods Frameworks */ = {
			isa = PBXShellScriptBuildPhase;
			buildActionMask = 2147483647;
			files = (
			);
			inputFileListPaths = (
				"${PODS_ROOT}/Target Support Files/Pods-Final Challenge/Pods-Final Challenge-frameworks-${CONFIGURATION}-input-files.xcfilelist",
			);
			name = "[CP] Embed Pods Frameworks";
			outputFileListPaths = (
				"${PODS_ROOT}/Target Support Files/Pods-Final Challenge/Pods-Final Challenge-frameworks-${CONFIGURATION}-output-files.xcfilelist",
			);
			runOnlyForDeploymentPostprocessing = 0;
			shellPath = /bin/sh;
			shellScript = "\"${PODS_ROOT}/Target Support Files/Pods-Final Challenge/Pods-Final Challenge-frameworks.sh\"\n";
			showEnvVarsInLog = 0;
		};
		D9504B60285BDB3991A837D8 /* [CP] Check Pods Manifest.lock */ = {
			isa = PBXShellScriptBuildPhase;
			buildActionMask = 2147483647;
			files = (
			);
			inputFileListPaths = (
			);
			inputPaths = (
				"${PODS_PODFILE_DIR_PATH}/Podfile.lock",
				"${PODS_ROOT}/Manifest.lock",
			);
			name = "[CP] Check Pods Manifest.lock";
			outputFileListPaths = (
			);
			outputPaths = (
				"$(DERIVED_FILE_DIR)/Pods-Final Challenge-checkManifestLockResult.txt",
			);
			runOnlyForDeploymentPostprocessing = 0;
			shellPath = /bin/sh;
			shellScript = "diff \"${PODS_PODFILE_DIR_PATH}/Podfile.lock\" \"${PODS_ROOT}/Manifest.lock\" > /dev/null\nif [ $? != 0 ] ; then\n    # print error to STDERR\n    echo \"error: The sandbox is not in sync with the Podfile.lock. Run 'pod install' or update your CocoaPods installation.\" >&2\n    exit 1\nfi\n# This output is used by Xcode 'outputs' to avoid re-running this script phase.\necho \"SUCCESS\" > \"${SCRIPT_OUTPUT_FILE_0}\"\n";
			showEnvVarsInLog = 0;
		};
/* End PBXShellScriptBuildPhase section */

/* Begin PBXSourcesBuildPhase section */
		70362D272373B48600928516 /* Sources */ = {
			isa = PBXSourcesBuildPhase;
			buildActionMask = 2147483647;
			files = (
				166BF4A7237BE13200BAC7DE /* TestSection2ViewController.swift in Sources */,
				1608E757237505BA0060156B /* FotoKTPViewController.swift in Sources */,
				70375D91237821CE00C98CC2 /* Case1ViewController.swift in Sources */,
				70362D452373BAC800928516 /* KodePerusahaanViewController.swift in Sources */,
				168E6E06237D428800B90358 /* ObjectModel.swift in Sources */,
				168E6E0E237D709A00B90358 /* Final-Challenge.xcdatamodeld in Sources */,
				1608E75B237505EF0060156B /* FormViewController.swift in Sources */,
				168E6E0B237D6E5300B90358 /* TestSection1AViewController.swift in Sources */,
				700828482379682000F102B0 /* Case3ViewController.swift in Sources */,
				1608E75D237506180060156B /* InstruksiViewController.swift in Sources */,
				70362D2F2373B48600928516 /* AppDelegate.swift in Sources */,
				70362D312373B48600928516 /* SceneDelegate.swift in Sources */,
				1608E759237505D40060156B /* FotoSIMViewController.swift in Sources */,
				168E6E04237D421A00B90358 /* DatabaseHandler.swift in Sources */,
				70362D432373B4B100928516 /* UIExtension.swift in Sources */,
				700828462379681100F102B0 /* Case2ViewController.swift in Sources */,
				168E6E09237D49A800B90358 /* TestSection1ViewController.swift in Sources */,
				70FDE3E1237E531700A5C759 /* Case4ViewController.swift in Sources */,
			);
			runOnlyForDeploymentPostprocessing = 0;
		};
/* End PBXSourcesBuildPhase section */

/* Begin PBXVariantGroup section */
		70362D342373B48600928516 /* Main.storyboard */ = {
			isa = PBXVariantGroup;
			children = (
				70362D352373B48600928516 /* Base */,
			);
			name = Main.storyboard;
			sourceTree = "<group>";
		};
		70362D392373B48700928516 /* LaunchScreen.storyboard */ = {
			isa = PBXVariantGroup;
			children = (
				70362D3A2373B48700928516 /* Base */,
			);
			name = LaunchScreen.storyboard;
			sourceTree = "<group>";
		};
/* End PBXVariantGroup section */

/* Begin XCBuildConfiguration section */
		70362D3D2373B48700928516 /* Debug */ = {
			isa = XCBuildConfiguration;
			buildSettings = {
				ALWAYS_SEARCH_USER_PATHS = NO;
				CLANG_ANALYZER_NONNULL = YES;
				CLANG_ANALYZER_NUMBER_OBJECT_CONVERSION = YES_AGGRESSIVE;
				CLANG_CXX_LANGUAGE_STANDARD = "gnu++14";
				CLANG_CXX_LIBRARY = "libc++";
				CLANG_ENABLE_MODULES = YES;
				CLANG_ENABLE_OBJC_ARC = YES;
				CLANG_ENABLE_OBJC_WEAK = YES;
				CLANG_WARN_BLOCK_CAPTURE_AUTORELEASING = YES;
				CLANG_WARN_BOOL_CONVERSION = YES;
				CLANG_WARN_COMMA = YES;
				CLANG_WARN_CONSTANT_CONVERSION = YES;
				CLANG_WARN_DEPRECATED_OBJC_IMPLEMENTATIONS = YES;
				CLANG_WARN_DIRECT_OBJC_ISA_USAGE = YES_ERROR;
				CLANG_WARN_DOCUMENTATION_COMMENTS = YES;
				CLANG_WARN_EMPTY_BODY = YES;
				CLANG_WARN_ENUM_CONVERSION = YES;
				CLANG_WARN_INFINITE_RECURSION = YES;
				CLANG_WARN_INT_CONVERSION = YES;
				CLANG_WARN_NON_LITERAL_NULL_CONVERSION = YES;
				CLANG_WARN_OBJC_IMPLICIT_RETAIN_SELF = YES;
				CLANG_WARN_OBJC_LITERAL_CONVERSION = YES;
				CLANG_WARN_OBJC_ROOT_CLASS = YES_ERROR;
				CLANG_WARN_RANGE_LOOP_ANALYSIS = YES;
				CLANG_WARN_STRICT_PROTOTYPES = YES;
				CLANG_WARN_SUSPICIOUS_MOVE = YES;
				CLANG_WARN_UNGUARDED_AVAILABILITY = YES_AGGRESSIVE;
				CLANG_WARN_UNREACHABLE_CODE = YES;
				CLANG_WARN__DUPLICATE_METHOD_MATCH = YES;
				COPY_PHASE_STRIP = NO;
				DEBUG_INFORMATION_FORMAT = dwarf;
				ENABLE_STRICT_OBJC_MSGSEND = YES;
				ENABLE_TESTABILITY = YES;
				GCC_C_LANGUAGE_STANDARD = gnu11;
				GCC_DYNAMIC_NO_PIC = NO;
				GCC_NO_COMMON_BLOCKS = YES;
				GCC_OPTIMIZATION_LEVEL = 0;
				GCC_PREPROCESSOR_DEFINITIONS = (
					"DEBUG=1",
					"$(inherited)",
				);
				GCC_WARN_64_TO_32_BIT_CONVERSION = YES;
				GCC_WARN_ABOUT_RETURN_TYPE = YES_ERROR;
				GCC_WARN_UNDECLARED_SELECTOR = YES;
				GCC_WARN_UNINITIALIZED_AUTOS = YES_AGGRESSIVE;
				GCC_WARN_UNUSED_FUNCTION = YES;
				GCC_WARN_UNUSED_VARIABLE = YES;
				IPHONEOS_DEPLOYMENT_TARGET = 13.0;
				MTL_ENABLE_DEBUG_INFO = INCLUDE_SOURCE;
				MTL_FAST_MATH = YES;
				ONLY_ACTIVE_ARCH = YES;
				SDKROOT = iphoneos;
				SWIFT_ACTIVE_COMPILATION_CONDITIONS = DEBUG;
				SWIFT_OPTIMIZATION_LEVEL = "-Onone";
			};
			name = Debug;
		};
		70362D3E2373B48700928516 /* Release */ = {
			isa = XCBuildConfiguration;
			buildSettings = {
				ALWAYS_SEARCH_USER_PATHS = NO;
				CLANG_ANALYZER_NONNULL = YES;
				CLANG_ANALYZER_NUMBER_OBJECT_CONVERSION = YES_AGGRESSIVE;
				CLANG_CXX_LANGUAGE_STANDARD = "gnu++14";
				CLANG_CXX_LIBRARY = "libc++";
				CLANG_ENABLE_MODULES = YES;
				CLANG_ENABLE_OBJC_ARC = YES;
				CLANG_ENABLE_OBJC_WEAK = YES;
				CLANG_WARN_BLOCK_CAPTURE_AUTORELEASING = YES;
				CLANG_WARN_BOOL_CONVERSION = YES;
				CLANG_WARN_COMMA = YES;
				CLANG_WARN_CONSTANT_CONVERSION = YES;
				CLANG_WARN_DEPRECATED_OBJC_IMPLEMENTATIONS = YES;
				CLANG_WARN_DIRECT_OBJC_ISA_USAGE = YES_ERROR;
				CLANG_WARN_DOCUMENTATION_COMMENTS = YES;
				CLANG_WARN_EMPTY_BODY = YES;
				CLANG_WARN_ENUM_CONVERSION = YES;
				CLANG_WARN_INFINITE_RECURSION = YES;
				CLANG_WARN_INT_CONVERSION = YES;
				CLANG_WARN_NON_LITERAL_NULL_CONVERSION = YES;
				CLANG_WARN_OBJC_IMPLICIT_RETAIN_SELF = YES;
				CLANG_WARN_OBJC_LITERAL_CONVERSION = YES;
				CLANG_WARN_OBJC_ROOT_CLASS = YES_ERROR;
				CLANG_WARN_RANGE_LOOP_ANALYSIS = YES;
				CLANG_WARN_STRICT_PROTOTYPES = YES;
				CLANG_WARN_SUSPICIOUS_MOVE = YES;
				CLANG_WARN_UNGUARDED_AVAILABILITY = YES_AGGRESSIVE;
				CLANG_WARN_UNREACHABLE_CODE = YES;
				CLANG_WARN__DUPLICATE_METHOD_MATCH = YES;
				COPY_PHASE_STRIP = NO;
				DEBUG_INFORMATION_FORMAT = "dwarf-with-dsym";
				ENABLE_NS_ASSERTIONS = NO;
				ENABLE_STRICT_OBJC_MSGSEND = YES;
				GCC_C_LANGUAGE_STANDARD = gnu11;
				GCC_NO_COMMON_BLOCKS = YES;
				GCC_WARN_64_TO_32_BIT_CONVERSION = YES;
				GCC_WARN_ABOUT_RETURN_TYPE = YES_ERROR;
				GCC_WARN_UNDECLARED_SELECTOR = YES;
				GCC_WARN_UNINITIALIZED_AUTOS = YES_AGGRESSIVE;
				GCC_WARN_UNUSED_FUNCTION = YES;
				GCC_WARN_UNUSED_VARIABLE = YES;
				IPHONEOS_DEPLOYMENT_TARGET = 13.0;
				MTL_ENABLE_DEBUG_INFO = NO;
				MTL_FAST_MATH = YES;
				SDKROOT = iphoneos;
				SWIFT_COMPILATION_MODE = wholemodule;
				SWIFT_OPTIMIZATION_LEVEL = "-O";
				VALIDATE_PRODUCT = YES;
			};
			name = Release;
		};
		70362D402373B48700928516 /* Debug */ = {
			isa = XCBuildConfiguration;
			baseConfigurationReference = 8DDEF09846A3547A2A5FA638 /* Pods-Final Challenge.debug.xcconfig */;
			buildSettings = {
				ASSETCATALOG_COMPILER_APPICON_NAME = AppIcon;
				CODE_SIGN_STYLE = Automatic;
				DEVELOPMENT_TEAM = L3GCNWN7B4;
				INFOPLIST_FILE = "Final Challenge/Info.plist";
				IPHONEOS_DEPLOYMENT_TARGET = 13.0;
				LD_RUNPATH_SEARCH_PATHS = (
					"$(inherited)",
					"@executable_path/Frameworks",
				);
				PRODUCT_BUNDLE_IDENTIFIER = "JaceJoseph.Final-Challenge";
				PRODUCT_NAME = "Siap Kerja";
				SWIFT_VERSION = 5.0;
				TARGETED_DEVICE_FAMILY = 2;
			};
			name = Debug;
		};
		70362D412373B48700928516 /* Release */ = {
			isa = XCBuildConfiguration;
			baseConfigurationReference = 78F0A15F8638B1060607E6B6 /* Pods-Final Challenge.release.xcconfig */;
			buildSettings = {
				ASSETCATALOG_COMPILER_APPICON_NAME = AppIcon;
				CODE_SIGN_STYLE = Automatic;
				DEVELOPMENT_TEAM = L3GCNWN7B4;
				INFOPLIST_FILE = "Final Challenge/Info.plist";
				IPHONEOS_DEPLOYMENT_TARGET = 13.0;
				LD_RUNPATH_SEARCH_PATHS = (
					"$(inherited)",
					"@executable_path/Frameworks",
				);
				PRODUCT_BUNDLE_IDENTIFIER = "JaceJoseph.Final-Challenge";
				PRODUCT_NAME = "Siap Kerja";
				SWIFT_VERSION = 5.0;
				TARGETED_DEVICE_FAMILY = 2;
			};
			name = Release;
		};
/* End XCBuildConfiguration section */

/* Begin XCConfigurationList section */
		70362D262373B48600928516 /* Build configuration list for PBXProject "Final Challenge" */ = {
			isa = XCConfigurationList;
			buildConfigurations = (
				70362D3D2373B48700928516 /* Debug */,
				70362D3E2373B48700928516 /* Release */,
			);
			defaultConfigurationIsVisible = 0;
			defaultConfigurationName = Release;
		};
		70362D3F2373B48700928516 /* Build configuration list for PBXNativeTarget "Final Challenge" */ = {
			isa = XCConfigurationList;
			buildConfigurations = (
				70362D402373B48700928516 /* Debug */,
				70362D412373B48700928516 /* Release */,
			);
			defaultConfigurationIsVisible = 0;
			defaultConfigurationName = Release;
		};
/* End XCConfigurationList section */

/* Begin XCVersionGroup section */
		168E6E0C237D709A00B90358 /* Final-Challenge.xcdatamodeld */ = {
			isa = XCVersionGroup;
			children = (
				168E6E0D237D709A00B90358 /* Final-Challenge.xcdatamodel */,
			);
			currentVersion = 168E6E0D237D709A00B90358 /* Final-Challenge.xcdatamodel */;
			path = "Final-Challenge.xcdatamodeld";
			sourceTree = "<group>";
			versionGroupType = wrapper.xcdatamodel;
		};
/* End XCVersionGroup section */
	};
	rootObject = 70362D232373B48600928516 /* Project object */;
}
